// !$*UTF8*$!
{
	archiveVersion = 1;
	classes = {
	};
	objectVersion = 46;
	objects = {

/* Begin PBXBuildFile section */
		E6218F501B6A59BF00B58E3F /* AppDelegate.swift in Sources */ = {isa = PBXBuildFile; fileRef = E6218F4F1B6A59BF00B58E3F /* AppDelegate.swift */; };
		E6218F521B6A59BF00B58E3F /* ViewController.swift in Sources */ = {isa = PBXBuildFile; fileRef = E6218F511B6A59BF00B58E3F /* ViewController.swift */; };
		E6218F551B6A59BF00B58E3F /* Main.storyboard in Resources */ = {isa = PBXBuildFile; fileRef = E6218F531B6A59BF00B58E3F /* Main.storyboard */; };
		E6218F571B6A59BF00B58E3F /* Assets.xcassets in Resources */ = {isa = PBXBuildFile; fileRef = E6218F561B6A59BF00B58E3F /* Assets.xcassets */; };
		E6218F5A1B6A59BF00B58E3F /* LaunchScreen.storyboard in Resources */ = {isa = PBXBuildFile; fileRef = E6218F581B6A59BF00B58E3F /* LaunchScreen.storyboard */; };
		E6218F621B6A5BC500B58E3F /* PersonCell.swift in Sources */ = {isa = PBXBuildFile; fileRef = E6218F611B6A5BC500B58E3F /* PersonCell.swift */; };
		E6ADAF181B6D020E00B9195F /* Person.swift in Sources */ = {isa = PBXBuildFile; fileRef = E6ADAF171B6D020E00B9195F /* Person.swift */; };
/* End PBXBuildFile section */

/* Begin PBXFileReference section */
		E6218F4C1B6A59BF00B58E3F /* Names and Faces.app */ = {isa = PBXFileReference; explicitFileType = wrapper.application; includeInIndex = 0; path = "Names and Faces.app"; sourceTree = BUILT_PRODUCTS_DIR; };
		E6218F4F1B6A59BF00B58E3F /* AppDelegate.swift */ = {isa = PBXFileReference; lastKnownFileType = sourcecode.swift; path = AppDelegate.swift; sourceTree = "<group>"; };
		E6218F511B6A59BF00B58E3F /* ViewController.swift */ = {isa = PBXFileReference; lastKnownFileType = sourcecode.swift; path = ViewController.swift; sourceTree = "<group>"; };
		E6218F541B6A59BF00B58E3F /* Base */ = {isa = PBXFileReference; lastKnownFileType = file.storyboard; name = Base; path = Base.lproj/Main.storyboard; sourceTree = "<group>"; };
		E6218F561B6A59BF00B58E3F /* Assets.xcassets */ = {isa = PBXFileReference; lastKnownFileType = folder.assetcatalog; path = Assets.xcassets; sourceTree = "<group>"; };
		E6218F591B6A59BF00B58E3F /* Base */ = {isa = PBXFileReference; lastKnownFileType = file.storyboard; name = Base; path = Base.lproj/LaunchScreen.storyboard; sourceTree = "<group>"; };
		E6218F5B1B6A59BF00B58E3F /* Info.plist */ = {isa = PBXFileReference; lastKnownFileType = text.plist.xml; path = Info.plist; sourceTree = "<group>"; };
		E6218F611B6A5BC500B58E3F /* PersonCell.swift */ = {isa = PBXFileReference; fileEncoding = 4; lastKnownFileType = sourcecode.swift; path = PersonCell.swift; sourceTree = "<group>"; };
		E6218F651B6A6F7300B58E3F /* 1.png */ = {isa = PBXFileReference; lastKnownFileType = image.png; path = 1.png; sourceTree = "<group>"; };
		E6ADAF171B6D020E00B9195F /* Person.swift */ = {isa = PBXFileReference; fileEncoding = 4; lastKnownFileType = sourcecode.swift; path = Person.swift; sourceTree = "<group>"; };
/* End PBXFileReference section */

/* Begin PBXFrameworksBuildPhase section */
		E6218F491B6A59BF00B58E3F /* Frameworks */ = {
			isa = PBXFrameworksBuildPhase;
			buildActionMask = 2147483647;
			files = (
			);
			runOnlyForDeploymentPostprocessing = 0;
		};
/* End PBXFrameworksBuildPhase section */

/* Begin PBXGroup section */
		E6218F431B6A59BF00B58E3F = {
			isa = PBXGroup;
			children = (
				E6218F4E1B6A59BF00B58E3F /* Names and Faces */,
				E6218F4D1B6A59BF00B58E3F /* Products */,
				E6218F651B6A6F7300B58E3F /* 1.png */,
			);
			sourceTree = "<group>";
		};
		E6218F4D1B6A59BF00B58E3F /* Products */ = {
			isa = PBXGroup;
			children = (
				E6218F4C1B6A59BF00B58E3F /* Names and Faces.app */,
			);
			name = Products;
			sourceTree = "<group>";
		};
		E6218F4E1B6A59BF00B58E3F /* Names and Faces */ = {
			isa = PBXGroup;
			children = (
				E6218F4F1B6A59BF00B58E3F /* AppDelegate.swift */,
				E6218F611B6A5BC500B58E3F /* PersonCell.swift */,
				E6ADAF171B6D020E00B9195F /* Person.swift */,
				E6218F511B6A59BF00B58E3F /* ViewController.swift */,
				E6218F531B6A59BF00B58E3F /* Main.storyboard */,
				E6218F561B6A59BF00B58E3F /* Assets.xcassets */,
				E6218F581B6A59BF00B58E3F /* LaunchScreen.storyboard */,
				E6218F5B1B6A59BF00B58E3F /* Info.plist */,
			);
			path = "Names and Faces";
			sourceTree = "<group>";
		};
/* End PBXGroup section */

/* Begin PBXNativeTarget section */
		E6218F4B1B6A59BF00B58E3F /* Names and Faces */ = {
			isa = PBXNativeTarget;
			buildConfigurationList = E6218F5E1B6A59BF00B58E3F /* Build configuration list for PBXNativeTarget "Names and Faces" */;
			buildPhases = (
				E6218F481B6A59BF00B58E3F /* Sources */,
				E6218F491B6A59BF00B58E3F /* Frameworks */,
				E6218F4A1B6A59BF00B58E3F /* Resources */,
			);
			buildRules = (
			);
			dependencies = (
			);
			name = "Names and Faces";
			productName = "Names and Faces";
			productReference = E6218F4C1B6A59BF00B58E3F /* Names and Faces.app */;
			productType = "com.apple.product-type.application";
		};
/* End PBXNativeTarget section */

/* Begin PBXProject section */
		E6218F441B6A59BF00B58E3F /* Project object */ = {
			isa = PBXProject;
			attributes = {
				LastUpgradeCheck = 0700;
				ORGANIZATIONNAME = "Mac Bellingrath";
				TargetAttributes = {
					E6218F4B1B6A59BF00B58E3F = {
						CreatedOnToolsVersion = 7.0;
					};
				};
			};
			buildConfigurationList = E6218F471B6A59BF00B58E3F /* Build configuration list for PBXProject "Names and Faces" */;
			compatibilityVersion = "Xcode 3.2";
			developmentRegion = English;
			hasScannedForEncodings = 0;
			knownRegions = (
				en,
				Base,
			);
			mainGroup = E6218F431B6A59BF00B58E3F;
			productRefGroup = E6218F4D1B6A59BF00B58E3F /* Products */;
			projectDirPath = "";
			projectRoot = "";
			targets = (
				E6218F4B1B6A59BF00B58E3F /* Names and Faces */,
			);
		};
/* End PBXProject section */

/* Begin PBXResourcesBuildPhase section */
		E6218F4A1B6A59BF00B58E3F /* Resources */ = {
			isa = PBXResourcesBuildPhase;
			buildActionMask = 2147483647;
			files = (
				E6218F5A1B6A59BF00B58E3F /* LaunchScreen.storyboard in Resources */,
				E6218F571B6A59BF00B58E3F /* Assets.xcassets in Resources */,
				E6218F551B6A59BF00B58E3F /* Main.storyboard in Resources */,
			);
			runOnlyForDeploymentPostprocessing = 0;
		};
/* End PBXResourcesBuildPhase section */

/* Begin PBXSourcesBuildPhase section */
		E6218F481B6A59BF00B58E3F /* Sources */ = {
			isa = PBXSourcesBuildPhase;
			buildActionMask = 2147483647;
			files = (
				E6218F621B6A5BC500B58E3F /* PersonCell.swift in Sources */,
				E6218F521B6A59BF00B58E3F /* ViewController.swift in Sources */,
				E6ADAF181B6D020E00B9195F /* Person.swift in Sources */,
				E6218F501B6A59BF00B58E3F /* AppDelegate.swift in Sources */,
			);
			runOnlyForDeploymentPostprocessing = 0;
		};
/* End PBXSourcesBuildPhase section */

/* Begin PBXVariantGroup section */
		E6218F531B6A59BF00B58E3F /* Main.storyboard */ = {
			isa = PBXVariantGroup;
			children = (
				E6218F541B6A59BF00B58E3F /* Base */,
			);
			name = Main.storyboard;
			sourceTree = "<group>";
		};
		E6218F581B6A59BF00B58E3F /* LaunchScreen.storyboard */ = {
			isa = PBXVariantGroup;
			children = (
				E6218F591B6A59BF00B58E3F /* Base */,
			);
			name = LaunchScreen.storyboard;
			sourceTree = "<group>";
		};
/* End PBXVariantGroup section */

/* Begin XCBuildConfiguration section */
		E6218F5C1B6A59BF00B58E3F /* Debug */ = {
			isa = XCBuildConfiguration;
			buildSettings = {
				ALWAYS_SEARCH_USER_PATHS = NO;
				CLANG_CXX_LANGUAGE_STANDARD = "gnu++0x";
				CLANG_CXX_LIBRARY = "libc++";
				CLANG_ENABLE_MODULES = YES;
				CLANG_ENABLE_OBJC_ARC = YES;
				CLANG_WARN_BOOL_CONVERSION = YES;
				CLANG_WARN_CONSTANT_CONVERSION = YES;
				CLANG_WARN_DIRECT_OBJC_ISA_USAGE = YES_ERROR;
				CLANG_WARN_EMPTY_BODY = YES;
				CLANG_WARN_ENUM_CONVERSION = YES;
				CLANG_WARN_INT_CONVERSION = YES;
				CLANG_WARN_OBJC_ROOT_CLASS = YES_ERROR;
				CLANG_WARN_UNREACHABLE_CODE = YES;
				CLANG_WARN__DUPLICATE_METHOD_MATCH = YES;
				"CODE_SIGN_IDENTITY[sdk=iphoneos*]" = "iPhone Developer";
				COPY_PHASE_STRIP = NO;
				DEBUG_INFORMATION_FORMAT = dwarf;
				ENABLE_STRICT_OBJC_MSGSEND = YES;
				ENABLE_TESTABILITY = YES;
				GCC_C_LANGUAGE_STANDARD = gnu99;
				GCC_DYNAMIC_NO_PIC = NO;
				GCC_NO_COMMON_BLOCKS = YES;
				GCC_OPTIMIZATION_LEVEL = 0;
				GCC_PREPROCESSOR_DEFINITIONS = (
					"DEBUG=1",
					"$(inherited)",
				);
				GCC_WARN_64_TO_32_BIT_CONVERSION = YES;
				GCC_WARN_ABOUT_RETURN_TYPE = YES_ERROR;
				GCC_WARN_UNDECLARED_SELECTOR = YES;
				GCC_WARN_UNINITIALIZED_AUTOS = YES_AGGRESSIVE;
				GCC_WARN_UNUSED_FUNCTION = YES;
				GCC_WARN_UNUSED_VARIABLE = YES;
				IPHONEOS_DEPLOYMENT_TARGET = 9.0;
				MTL_ENABLE_DEBUG_INFO = YES;
				ONLY_ACTIVE_ARCH = YES;
				SDKROOT = iphoneos;
				SWIFT_OPTIMIZATION_LEVEL = "-Onone";
				TARGETED_DEVICE_FAMILY = 2;
			};
			name = Debug;
		};
		E6218F5D1B6A59BF00B58E3F /* Release */ = {
			isa = XCBuildConfiguration;
			buildSettings = {
				ALWAYS_SEARCH_USER_PATHS = NO;
				CLANG_CXX_LANGUAGE_STANDARD = "gnu++0x";
				CLANG_CXX_LIBRARY = "libc++";
				CLANG_ENABLE_MODULES = YES;
				CLANG_ENABLE_OBJC_ARC = YES;
				CLANG_WARN_BOOL_CONVERSION = YES;
				CLANG_WARN_CONSTANT_CONVERSION = YES;
				CLANG_WARN_DIRECT_OBJC_ISA_USAGE = YES_ERROR;
				CLANG_WARN_EMPTY_BODY = YES;
				CLANG_WARN_ENUM_CONVERSION = YES;
				CLANG_WARN_INT_CONVERSION = YES;
				CLANG_WARN_OBJC_ROOT_CLASS = YES_ERROR;
				CLANG_WARN_UNREACHABLE_CODE = YES;
				CLANG_WARN__DUPLICATE_METHOD_MATCH = YES;
				"CODE_SIGN_IDENTITY[sdk=iphoneos*]" = "iPhone Developer";
				COPY_PHASE_STRIP = NO;
				DEBUG_INFORMATION_FORMAT = "dwarf-with-dsym";
				ENABLE_NS_ASSERTIONS = NO;
				ENABLE_STRICT_OBJC_MSGSEND = YES;
				GCC_C_LANGUAGE_STANDARD = gnu99;
				GCC_NO_COMMON_BLOCKS = YES;
				GCC_WARN_64_TO_32_BIT_CONVERSION = YES;
				GCC_WARN_ABOUT_RETURN_TYPE = YES_ERROR;
				GCC_WARN_UNDECLARED_SELECTOR = YES;
				GCC_WARN_UNINITIALIZED_AUTOS = YES_AGGRESSIVE;
				GCC_WARN_UNUSED_FUNCTION = YES;
				GCC_WARN_UNUSED_VARIABLE = YES;
				IPHONEOS_DEPLOYMENT_TARGET = 9.0;
				MTL_ENABLE_DEBUG_INFO = NO;
				SDKROOT = iphoneos;
				TARGETED_DEVICE_FAMILY = 2;
				VALIDATE_PRODUCT = YES;
			};
			name = Release;
		};
		E6218F5F1B6A59BF00B58E3F /* Debug */ = {
			isa = XCBuildConfiguration;
			buildSettings = {
				ASSETCATALOG_COMPILER_APPICON_NAME = AppIcon;
				INFOPLIST_FILE = "Names and Faces/Info.plist";
				LD_RUNPATH_SEARCH_PATHS = "$(inherited) @executable_path/Frameworks";
				PRODUCT_BUNDLE_IDENTIFIER = "com.example.Names-and-Faces";
				PRODUCT_NAME = "$(TARGET_NAME)";
				TARGETED_DEVICE_FAMILY = 1;
			};
			name = Debug;
		};
		E6218F601B6A59BF00B58E3F /* Release */ = {
			isa = XCBuildConfiguration;
			buildSettings = {
				ASSETCATALOG_COMPILER_APPICON_NAME = AppIcon;
				INFOPLIST_FILE = "Names and Faces/Info.plist";
				LD_RUNPATH_SEARCH_PATHS = "$(inherited) @executable_path/Frameworks";
				PRODUCT_BUNDLE_IDENTIFIER = "com.example.Names-and-Faces";
				PRODUCT_NAME = "$(TARGET_NAME)";
				TARGETED_DEVICE_FAMILY = 1;
			};
			name = Release;
		};
/* End XCBuildConfiguration section */

/* Begin XCConfigurationList section */
		E6218F471B6A59BF00B58E3F /* Build configuration list for PBXProject "Names and Faces" */ = {
			isa = XCConfigurationList;
			buildConfigurations = (
				E6218F5C1B6A59BF00B58E3F /* Debug */,
				E6218F5D1B6A59BF00B58E3F /* Release */,
			);
			defaultConfigurationIsVisible = 0;
			defaultConfigurationName = Release;
		};
		E6218F5E1B6A59BF00B58E3F /* Build configuration list for PBXNativeTarget "Names and Faces" */ = {
			isa = XCConfigurationList;
			buildConfigurations = (
				E6218F5F1B6A59BF00B58E3F /* Debug */,
				E6218F601B6A59BF00B58E3F /* Release */,
			);
			defaultConfigurationIsVisible = 0;
			defaultConfigurationName = Release;
		};
/* End XCConfigurationList section */
	};
	rootObject = E6218F441B6A59BF00B58E3F /* Project object */;
}
